
Microsoft Visual Studio Solution File, Format Version 12.00
# Visual Studio Version 17
VisualStudioVersion = 17.2.32616.157
MinimumVisualStudioVersion = 10.0.40219.1
Project("{FAE04EC0-301F-11D3-BF4B-00C04F79EFBC}") = "Chordial", "Chordial\Chordial.csproj", "{B41637E0-46B4-4A3B-AE4B-50DD287C5DC7}"
EndProject
Global
	GlobalSection(SolutionConfigurationPlatforms) = preSolution
		Debug|Any CPU = Debug|Any CPU
		Release|Any CPU = Release|Any CPU
	EndGlobalSection
	GlobalSection(ProjectConfigurationPlatforms) = postSolution
		{B41637E0-46B4-4A3B-AE4B-50DD287C5DC7}.Debug|Any CPU.ActiveCfg = Debug|Any CPU
		{B41637E0-46B4-4A3B-AE4B-50DD287C5DC7}.Debug|Any CPU.Build.0 = Debug|Any CPU
		{B41637E0-46B4-4A3B-AE4B-50DD287C5DC7}.Release|Any CPU.ActiveCfg = Release|Any CPU
		{B41637E0-46B4-4A3B-AE4B-50DD287C5DC7}.Release|Any CPU.Build.0 = Release|Any CPU
	EndGlobalSection
	GlobalSection(SolutionProperties) = preSolution
		HideSolutionNode = FALSE
	EndGlobalSection
	GlobalSection(ExtensibilityGlobals) = postSolution
		SolutionGuid = {98EAF3B2-B99C-4814-9E77-866497B7350D}
	EndGlobalSection
EndGlobal
